
Microsoft Visual Studio Solution File, Format Version 12.00
# Visual Studio Version 17
VisualStudioVersion = 17.2.32519.379
MinimumVisualStudioVersion = 10.0.40219.1
Project("{8BC9CEB8-8B4A-11D0-8D11-00A0C91BC942}") = "Sobel", "Sobel.vcxproj", "{CBDC8E69-3107-486A-83ED-3A1F69E096D1}"
EndProject
Global
	GlobalSection(SolutionConfigurationPlatforms) = preSolution
		Debug|x64 = Debug|x64
		Debug|x86 = Debug|x86
		Release|x64 = Release|x64
		Release|x86 = Release|x86
	EndGlobalSection
	GlobalSection(ProjectConfigurationPlatforms) = postSolution
		{CBDC8E69-3107-486A-83ED-3A1F69E096D1}.Debug|x64.ActiveCfg = Debug|x64
		{CBDC8E69-3107-486A-83ED-3A1F69E096D1}.Debug|x64.Build.0 = Debug|x64
		{CBDC8E69-3107-486A-83ED-3A1F69E096D1}.Debug|x86.ActiveCfg = Debug|Win32
		{CBDC8E69-3107-486A-83ED-3A1F69E096D1}.Debug|x86.Build.0 = Debug|Win32
		{CBDC8E69-3107-486A-83ED-3A1F69E096D1}.Release|x64.ActiveCfg = Release|x64
		{CBDC8E69-3107-486A-83ED-3A1F69E096D1}.Release|x64.Build.0 = Release|x64
		{CBDC8E69-3107-486A-83ED-3A1F69E096D1}.Release|x86.ActiveCfg = Release|Win32
		{CBDC8E69-3107-486A-83ED-3A1F69E096D1}.Release|x86.Build.0 = Release|Win32
	EndGlobalSection
	GlobalSection(SolutionProperties) = preSolution
		HideSolutionNode = FALSE
	EndGlobalSection
	GlobalSection(ExtensibilityGlobals) = postSolution
		SolutionGuid = {E8091C2C-7285-48CD-BAFD-FA4BC6D89500}
	EndGlobalSection
EndGlobal
